{
    "_meta": {
        "hash": {
            "sha256": "d229e4398b585183e6c81d4a8dba6641888ae9399491f8f95aeb54a53bcfda37"
        },
        "pipfile-spec": 6,
        "requires": {
            "python_version": "3.8"
        },
        "sources": [
            {
                "name": "pypi",
                "url": "https://pypi.org/simple",
                "verify_ssl": true
            }
        ]
    },
    "default": {
        "boltons": {
            "hashes": [
                "sha256:3dd8a8e3c1886e7f7ba3422b50f55a66e1700161bf01b919d098e7d96dd2d9b6",
                "sha256:dd362291a460cc1e0c2e91cc6a60da3036ced77099b623112e8f833e6734bdc5"
            ],
            "index": "pypi",
            "version": "==20.2.1"
        }
    },
    "develop": {}
}
